
Microsoft Visual Studio Solution File, Format Version 12.00
# Visual Studio Version 17
VisualStudioVersion = 17.5.33516.290
MinimumVisualStudioVersion = 10.0.40219.1
Project("{FAE04EC0-301F-11D3-BF4B-00C04F79EFBC}") = "ConsoleApp2", "ConsoleApp2.csproj", "{91A4D0E8-391A-4D4F-8BE4-E37BA746DC7F}"
EndProject
Global
	GlobalSection(SolutionConfigurationPlatforms) = preSolution
		Debug|Any CPU = Debug|Any CPU
		Release|Any CPU = Release|Any CPU
	EndGlobalSection
	GlobalSection(ProjectConfigurationPlatforms) = postSolution
		{91A4D0E8-391A-4D4F-8BE4-E37BA746DC7F}.Debug|Any CPU.ActiveCfg = Debug|Any CPU
		{91A4D0E8-391A-4D4F-8BE4-E37BA746DC7F}.Debug|Any CPU.Build.0 = Debug|Any CPU
		{91A4D0E8-391A-4D4F-8BE4-E37BA746DC7F}.Release|Any CPU.ActiveCfg = Release|Any CPU
		{91A4D0E8-391A-4D4F-8BE4-E37BA746DC7F}.Release|Any CPU.Build.0 = Release|Any CPU
	EndGlobalSection
	GlobalSection(SolutionProperties) = preSolution
		HideSolutionNode = FALSE
	EndGlobalSection
	GlobalSection(ExtensibilityGlobals) = postSolution
		SolutionGuid = {7BB2DAE8-F5C4-42A3-83BC-A33B97963448}
	EndGlobalSection
EndGlobal
